// !$*UTF8*$!
{
	archiveVersion = 1;
	classes = {
	};
	objectVersion = 48;
	objects = {

/* Begin PBXBuildFile section */
		37D1622E1F69715600D9787B /* AppDelegate.swift in Sources */ = {isa = PBXBuildFile; fileRef = 37D1622D1F69715600D9787B /* AppDelegate.swift */; };
		37D162301F69715600D9787B /* ViewController.swift in Sources */ = {isa = PBXBuildFile; fileRef = 37D1622F1F69715600D9787B /* ViewController.swift */; };
		37D162331F69715600D9787B /* Main.storyboard in Resources */ = {isa = PBXBuildFile; fileRef = 37D162311F69715600D9787B /* Main.storyboard */; };
		37D162351F69715600D9787B /* Assets.xcassets in Resources */ = {isa = PBXBuildFile; fileRef = 37D162341F69715600D9787B /* Assets.xcassets */; };
		37D162381F69715600D9787B /* LaunchScreen.storyboard in Resources */ = {isa = PBXBuildFile; fileRef = 37D162361F69715600D9787B /* LaunchScreen.storyboard */; };
		37D162431F69715600D9787B /* KoffeinTests.swift in Sources */ = {isa = PBXBuildFile; fileRef = 37D162421F69715600D9787B /* KoffeinTests.swift */; };
		37D1624E1F69715600D9787B /* KoffeinUITests.swift in Sources */ = {isa = PBXBuildFile; fileRef = 37D1624D1F69715600D9787B /* KoffeinUITests.swift */; };
/* End PBXBuildFile section */

/* Begin PBXContainerItemProxy section */
		37D1623F1F69715600D9787B /* PBXContainerItemProxy */ = {
			isa = PBXContainerItemProxy;
			containerPortal = 37D162221F69715600D9787B /* Project object */;
			proxyType = 1;
			remoteGlobalIDString = 37D162291F69715600D9787B;
			remoteInfo = Koffein;
		};
		37D1624A1F69715600D9787B /* PBXContainerItemProxy */ = {
			isa = PBXContainerItemProxy;
			containerPortal = 37D162221F69715600D9787B /* Project object */;
			proxyType = 1;
			remoteGlobalIDString = 37D162291F69715600D9787B;
			remoteInfo = Koffein;
		};
/* End PBXContainerItemProxy section */

/* Begin PBXFileReference section */
		37D1622A1F69715600D9787B /* Koffein.app */ = {isa = PBXFileReference; explicitFileType = wrapper.application; includeInIndex = 0; path = Koffein.app; sourceTree = BUILT_PRODUCTS_DIR; };
		37D1622D1F69715600D9787B /* AppDelegate.swift */ = {isa = PBXFileReference; lastKnownFileType = sourcecode.swift; path = AppDelegate.swift; sourceTree = "<group>"; };
		37D1622F1F69715600D9787B /* ViewController.swift */ = {isa = PBXFileReference; lastKnownFileType = sourcecode.swift; path = ViewController.swift; sourceTree = "<group>"; };
		37D162321F69715600D9787B /* Base */ = {isa = PBXFileReference; lastKnownFileType = file.storyboard; name = Base; path = Base.lproj/Main.storyboard; sourceTree = "<group>"; };
		37D162341F69715600D9787B /* Assets.xcassets */ = {isa = PBXFileReference; lastKnownFileType = folder.assetcatalog; path = Assets.xcassets; sourceTree = "<group>"; };
		37D162371F69715600D9787B /* Base */ = {isa = PBXFileReference; lastKnownFileType = file.storyboard; name = Base; path = Base.lproj/LaunchScreen.storyboard; sourceTree = "<group>"; };
		37D162391F69715600D9787B /* Info.plist */ = {isa = PBXFileReference; lastKnownFileType = text.plist.xml; path = Info.plist; sourceTree = "<group>"; };
		37D1623E1F69715600D9787B /* KoffeinTests.xctest */ = {isa = PBXFileReference; explicitFileType = wrapper.cfbundle; includeInIndex = 0; path = KoffeinTests.xctest; sourceTree = BUILT_PRODUCTS_DIR; };
		37D162421F69715600D9787B /* KoffeinTests.swift */ = {isa = PBXFileReference; lastKnownFileType = sourcecode.swift; path = KoffeinTests.swift; sourceTree = "<group>"; };
		37D162441F69715600D9787B /* Info.plist */ = {isa = PBXFileReference; lastKnownFileType = text.plist.xml; path = Info.plist; sourceTree = "<group>"; };
		37D162491F69715600D9787B /* KoffeinUITests.xctest */ = {isa = PBXFileReference; explicitFileType = wrapper.cfbundle; includeInIndex = 0; path = KoffeinUITests.xctest; sourceTree = BUILT_PRODUCTS_DIR; };
		37D1624D1F69715600D9787B /* KoffeinUITests.swift */ = {isa = PBXFileReference; lastKnownFileType = sourcecode.swift; path = KoffeinUITests.swift; sourceTree = "<group>"; };
		37D1624F1F69715600D9787B /* Info.plist */ = {isa = PBXFileReference; lastKnownFileType = text.plist.xml; path = Info.plist; sourceTree = "<group>"; };
/* End PBXFileReference section */

/* Begin PBXFrameworksBuildPhase section */
		37D162271F69715600D9787B /* Frameworks */ = {
			isa = PBXFrameworksBuildPhase;
			buildActionMask = 2147483647;
			files = (
			);
			runOnlyForDeploymentPostprocessing = 0;
		};
		37D1623B1F69715600D9787B /* Frameworks */ = {
			isa = PBXFrameworksBuildPhase;
			buildActionMask = 2147483647;
			files = (
			);
			runOnlyForDeploymentPostprocessing = 0;
		};
		37D162461F69715600D9787B /* Frameworks */ = {
			isa = PBXFrameworksBuildPhase;
			buildActionMask = 2147483647;
			files = (
			);
			runOnlyForDeploymentPostprocessing = 0;
		};
/* End PBXFrameworksBuildPhase section */

/* Begin PBXGroup section */
		37D162211F69715600D9787B = {
			isa = PBXGroup;
			children = (
				37D1622C1F69715600D9787B /* Koffein */,
				37D162411F69715600D9787B /* KoffeinTests */,
				37D1624C1F69715600D9787B /* KoffeinUITests */,
				37D1622B1F69715600D9787B /* Products */,
			);
			sourceTree = "<group>";
		};
		37D1622B1F69715600D9787B /* Products */ = {
			isa = PBXGroup;
			children = (
				37D1622A1F69715600D9787B /* Koffein.app */,
				37D1623E1F69715600D9787B /* KoffeinTests.xctest */,
				37D162491F69715600D9787B /* KoffeinUITests.xctest */,
			);
			name = Products;
			sourceTree = "<group>";
		};
		37D1622C1F69715600D9787B /* Koffein */ = {
			isa = PBXGroup;
			children = (
				37D1622D1F69715600D9787B /* AppDelegate.swift */,
				37D1622F1F69715600D9787B /* ViewController.swift */,
				37D162311F69715600D9787B /* Main.storyboard */,
				37D162341F69715600D9787B /* Assets.xcassets */,
				37D162361F69715600D9787B /* LaunchScreen.storyboard */,
				37D162391F69715600D9787B /* Info.plist */,
			);
			path = Koffein;
			sourceTree = "<group>";
		};
		37D162411F69715600D9787B /* KoffeinTests */ = {
			isa = PBXGroup;
			children = (
				37D162421F69715600D9787B /* KoffeinTests.swift */,
				37D162441F69715600D9787B /* Info.plist */,
			);
			path = KoffeinTests;
			sourceTree = "<group>";
		};
		37D1624C1F69715600D9787B /* KoffeinUITests */ = {
			isa = PBXGroup;
			children = (
				37D1624D1F69715600D9787B /* KoffeinUITests.swift */,
				37D1624F1F69715600D9787B /* Info.plist */,
			);
			path = KoffeinUITests;
			sourceTree = "<group>";
		};
/* End PBXGroup section */

/* Begin PBXNativeTarget section */
		37D162291F69715600D9787B /* Koffein */ = {
			isa = PBXNativeTarget;
			buildConfigurationList = 37D162521F69715600D9787B /* Build configuration list for PBXNativeTarget "Koffein" */;
			buildPhases = (
				37D162261F69715600D9787B /* Sources */,
				37D162271F69715600D9787B /* Frameworks */,
				37D162281F69715600D9787B /* Resources */,
			);
			buildRules = (
			);
			dependencies = (
			);
			name = Koffein;
			productName = Koffein;
			productReference = 37D1622A1F69715600D9787B /* Koffein.app */;
			productType = "com.apple.product-type.application";
		};
		37D1623D1F69715600D9787B /* KoffeinTests */ = {
			isa = PBXNativeTarget;
			buildConfigurationList = 37D162551F69715600D9787B /* Build configuration list for PBXNativeTarget "KoffeinTests" */;
			buildPhases = (
				37D1623A1F69715600D9787B /* Sources */,
				37D1623B1F69715600D9787B /* Frameworks */,
				37D1623C1F69715600D9787B /* Resources */,
			);
			buildRules = (
			);
			dependencies = (
				37D162401F69715600D9787B /* PBXTargetDependency */,
			);
			name = KoffeinTests;
			productName = KoffeinTests;
			productReference = 37D1623E1F69715600D9787B /* KoffeinTests.xctest */;
			productType = "com.apple.product-type.bundle.unit-test";
		};
		37D162481F69715600D9787B /* KoffeinUITests */ = {
			isa = PBXNativeTarget;
			buildConfigurationList = 37D162581F69715600D9787B /* Build configuration list for PBXNativeTarget "KoffeinUITests" */;
			buildPhases = (
				37D162451F69715600D9787B /* Sources */,
				37D162461F69715600D9787B /* Frameworks */,
				37D162471F69715600D9787B /* Resources */,
			);
			buildRules = (
			);
			dependencies = (
				37D1624B1F69715600D9787B /* PBXTargetDependency */,
			);
			name = KoffeinUITests;
			productName = KoffeinUITests;
			productReference = 37D162491F69715600D9787B /* KoffeinUITests.xctest */;
			productType = "com.apple.product-type.bundle.ui-testing";
		};
/* End PBXNativeTarget section */

/* Begin PBXProject section */
		37D162221F69715600D9787B /* Project object */ = {
			isa = PBXProject;
			attributes = {
				LastSwiftUpdateCheck = 0900;
				LastUpgradeCheck = 0900;
				ORGANIZATIONNAME = "Terrible Systems";
				TargetAttributes = {
					37D162291F69715600D9787B = {
						CreatedOnToolsVersion = 9.0;
					};
					37D1623D1F69715600D9787B = {
						CreatedOnToolsVersion = 9.0;
						TestTargetID = 37D162291F69715600D9787B;
					};
					37D162481F69715600D9787B = {
						CreatedOnToolsVersion = 9.0;
						TestTargetID = 37D162291F69715600D9787B;
					};
				};
			};
			buildConfigurationList = 37D162251F69715600D9787B /* Build configuration list for PBXProject "Koffein" */;
			compatibilityVersion = "Xcode 8.0";
			developmentRegion = en;
			hasScannedForEncodings = 0;
			knownRegions = (
				en,
				Base,
			);
			mainGroup = 37D162211F69715600D9787B;
			productRefGroup = 37D1622B1F69715600D9787B /* Products */;
			projectDirPath = "";
			projectRoot = "";
			targets = (
				37D162291F69715600D9787B /* Koffein */,
				37D1623D1F69715600D9787B /* KoffeinTests */,
				37D162481F69715600D9787B /* KoffeinUITests */,
			);
		};
/* End PBXProject section */

/* Begin PBXResourcesBuildPhase section */
		37D162281F69715600D9787B /* Resources */ = {
			isa = PBXResourcesBuildPhase;
			buildActionMask = 2147483647;
			files = (
				37D162381F69715600D9787B /* LaunchScreen.storyboard in Resources */,
				37D162351F69715600D9787B /* Assets.xcassets in Resources */,
				37D162331F69715600D9787B /* Main.storyboard in Resources */,
			);
			runOnlyForDeploymentPostprocessing = 0;
		};
		37D1623C1F69715600D9787B /* Resources */ = {
			isa = PBXResourcesBuildPhase;
			buildActionMask = 2147483647;
			files = (
			);
			runOnlyForDeploymentPostprocessing = 0;
		};
		37D162471F69715600D9787B /* Resources */ = {
			isa = PBXResourcesBuildPhase;
			buildActionMask = 2147483647;
			files = (
			);
			runOnlyForDeploymentPostprocessing = 0;
		};
/* End PBXResourcesBuildPhase section */

/* Begin PBXSourcesBuildPhase section */
		37D162261F69715600D9787B /* Sources */ = {
			isa = PBXSourcesBuildPhase;
			buildActionMask = 2147483647;
			files = (
				37D162301F69715600D9787B /* ViewController.swift in Sources */,
				37D1622E1F69715600D9787B /* AppDelegate.swift in Sources */,
			);
			runOnlyForDeploymentPostprocessing = 0;
		};
		37D1623A1F69715600D9787B /* Sources */ = {
			isa = PBXSourcesBuildPhase;
			buildActionMask = 2147483647;
			files = (
				37D162431F69715600D9787B /* KoffeinTests.swift in Sources */,
			);
			runOnlyForDeploymentPostprocessing = 0;
		};
		37D162451F69715600D9787B /* Sources */ = {
			isa = PBXSourcesBuildPhase;
			buildActionMask = 2147483647;
			files = (
				37D1624E1F69715600D9787B /* KoffeinUITests.swift in Sources */,
			);
			runOnlyForDeploymentPostprocessing = 0;
		};
/* End PBXSourcesBuildPhase section */

/* Begin PBXTargetDependency section */
		37D162401F69715600D9787B /* PBXTargetDependency */ = {
			isa = PBXTargetDependency;
			target = 37D162291F69715600D9787B /* Koffein */;
			targetProxy = 37D1623F1F69715600D9787B /* PBXContainerItemProxy */;
		};
		37D1624B1F69715600D9787B /* PBXTargetDependency */ = {
			isa = PBXTargetDependency;
			target = 37D162291F69715600D9787B /* Koffein */;
			targetProxy = 37D1624A1F69715600D9787B /* PBXContainerItemProxy */;
		};
/* End PBXTargetDependency section */

/* Begin PBXVariantGroup section */
		37D162311F69715600D9787B /* Main.storyboard */ = {
			isa = PBXVariantGroup;
			children = (
				37D162321F69715600D9787B /* Base */,
			);
			name = Main.storyboard;
			sourceTree = "<group>";
		};
		37D162361F69715600D9787B /* LaunchScreen.storyboard */ = {
			isa = PBXVariantGroup;
			children = (
				37D162371F69715600D9787B /* Base */,
			);
			name = LaunchScreen.storyboard;
			sourceTree = "<group>";
		};
/* End PBXVariantGroup section */

/* Begin XCBuildConfiguration section */
		37D162501F69715600D9787B /* Debug */ = {
			isa = XCBuildConfiguration;
			buildSettings = {
				ALWAYS_SEARCH_USER_PATHS = NO;
				CLANG_ANALYZER_NONNULL = YES;
				CLANG_ANALYZER_NUMBER_OBJECT_CONVERSION = YES_AGGRESSIVE;
				CLANG_CXX_LANGUAGE_STANDARD = "gnu++14";
				CLANG_CXX_LIBRARY = "libc++";
				CLANG_ENABLE_MODULES = YES;
				CLANG_ENABLE_OBJC_ARC = YES;
				CLANG_WARN_BLOCK_CAPTURE_AUTORELEASING = YES;
				CLANG_WARN_BOOL_CONVERSION = YES;
				CLANG_WARN_COMMA = YES;
				CLANG_WARN_CONSTANT_CONVERSION = YES;
				CLANG_WARN_DIRECT_OBJC_ISA_USAGE = YES_ERROR;
				CLANG_WARN_DOCUMENTATION_COMMENTS = YES;
				CLANG_WARN_EMPTY_BODY = YES;
				CLANG_WARN_ENUM_CONVERSION = YES;
				CLANG_WARN_INFINITE_RECURSION = YES;
				CLANG_WARN_INT_CONVERSION = YES;
				CLANG_WARN_NON_LITERAL_NULL_CONVERSION = YES;
				CLANG_WARN_OBJC_LITERAL_CONVERSION = YES;
				CLANG_WARN_OBJC_ROOT_CLASS = YES_ERROR;
				CLANG_WARN_RANGE_LOOP_ANALYSIS = YES;
				CLANG_WARN_STRICT_PROTOTYPES = YES;
				CLANG_WARN_SUSPICIOUS_MOVE = YES;
				CLANG_WARN_UNGUARDED_AVAILABILITY = YES_AGGRESSIVE;
				CLANG_WARN_UNREACHABLE_CODE = YES;
				CLANG_WARN__DUPLICATE_METHOD_MATCH = YES;
				CODE_SIGN_IDENTITY = "iPhone Developer";
				COPY_PHASE_STRIP = NO;
				DEBUG_INFORMATION_FORMAT = dwarf;
				ENABLE_STRICT_OBJC_MSGSEND = YES;
				ENABLE_TESTABILITY = YES;
				GCC_C_LANGUAGE_STANDARD = gnu11;
				GCC_DYNAMIC_NO_PIC = NO;
				GCC_NO_COMMON_BLOCKS = YES;
				GCC_OPTIMIZATION_LEVEL = 0;
				GCC_PREPROCESSOR_DEFINITIONS = (
					"DEBUG=1",
					"$(inherited)",
				);
				GCC_WARN_64_TO_32_BIT_CONVERSION = YES;
				GCC_WARN_ABOUT_RETURN_TYPE = YES_ERROR;
				GCC_WARN_UNDECLARED_SELECTOR = YES;
				GCC_WARN_UNINITIALIZED_AUTOS = YES_AGGRESSIVE;
				GCC_WARN_UNUSED_FUNCTION = YES;
				GCC_WARN_UNUSED_VARIABLE = YES;
				IPHONEOS_DEPLOYMENT_TARGET = 11.0;
				MTL_ENABLE_DEBUG_INFO = YES;
				ONLY_ACTIVE_ARCH = YES;
				SDKROOT = iphoneos;
				SWIFT_ACTIVE_COMPILATION_CONDITIONS = DEBUG;
				SWIFT_OPTIMIZATION_LEVEL = "-Onone";
			};
			name = Debug;
		};
		37D162511F69715600D9787B /* Release */ = {
			isa = XCBuildConfiguration;
			buildSettings = {
				ALWAYS_SEARCH_USER_PATHS = NO;
				CLANG_ANALYZER_NONNULL = YES;
				CLANG_ANALYZER_NUMBER_OBJECT_CONVERSION = YES_AGGRESSIVE;
				CLANG_CXX_LANGUAGE_STANDARD = "gnu++14";
				CLANG_CXX_LIBRARY = "libc++";
				CLANG_ENABLE_MODULES = YES;
				CLANG_ENABLE_OBJC_ARC = YES;
				CLANG_WARN_BLOCK_CAPTURE_AUTORELEASING = YES;
				CLANG_WARN_BOOL_CONVERSION = YES;
				CLANG_WARN_COMMA = YES;
				CLANG_WARN_CONSTANT_CONVERSION = YES;
				CLANG_WARN_DIRECT_OBJC_ISA_USAGE = YES_ERROR;
				CLANG_WARN_DOCUMENTATION_COMMENTS = YES;
				CLANG_WARN_EMPTY_BODY = YES;
				CLANG_WARN_ENUM_CONVERSION = YES;
				CLANG_WARN_INFINITE_RECURSION = YES;
				CLANG_WARN_INT_CONVERSION = YES;
				CLANG_WARN_NON_LITERAL_NULL_CONVERSION = YES;
				CLANG_WARN_OBJC_LITERAL_CONVERSION = YES;
				CLANG_WARN_OBJC_ROOT_CLASS = YES_ERROR;
				CLANG_WARN_RANGE_LOOP_ANALYSIS = YES;
				CLANG_WARN_STRICT_PROTOTYPES = YES;
				CLANG_WARN_SUSPICIOUS_MOVE = YES;
				CLANG_WARN_UNGUARDED_AVAILABILITY = YES_AGGRESSIVE;
				CLANG_WARN_UNREACHABLE_CODE = YES;
				CLANG_WARN__DUPLICATE_METHOD_MATCH = YES;
				CODE_SIGN_IDENTITY = "iPhone Developer";
				COPY_PHASE_STRIP = NO;
				DEBUG_INFORMATION_FORMAT = "dwarf-with-dsym";
				ENABLE_NS_ASSERTIONS = NO;
				ENABLE_STRICT_OBJC_MSGSEND = YES;
				GCC_C_LANGUAGE_STANDARD = gnu11;
				GCC_NO_COMMON_BLOCKS = YES;
				GCC_WARN_64_TO_32_BIT_CONVERSION = YES;
				GCC_WARN_ABOUT_RETURN_TYPE = YES_ERROR;
				GCC_WARN_UNDECLARED_SELECTOR = YES;
				GCC_WARN_UNINITIALIZED_AUTOS = YES_AGGRESSIVE;
				GCC_WARN_UNUSED_FUNCTION = YES;
				GCC_WARN_UNUSED_VARIABLE = YES;
				IPHONEOS_DEPLOYMENT_TARGET = 11.0;
				MTL_ENABLE_DEBUG_INFO = NO;
				SDKROOT = iphoneos;
				SWIFT_OPTIMIZATION_LEVEL = "-Owholemodule";
				VALIDATE_PRODUCT = YES;
			};
			name = Release;
		};
		37D162531F69715600D9787B /* Debug */ = {
			isa = XCBuildConfiguration;
			buildSettings = {
				ASSETCATALOG_COMPILER_APPICON_NAME = AppIcon;
				DEVELOPMENT_TEAM = 2GC3DM3XAQ;
				INFOPLIST_FILE = Koffein/Info.plist;
				LD_RUNPATH_SEARCH_PATHS = "$(inherited) @executable_path/Frameworks";
				PRODUCT_BUNDLE_IDENTIFIER = systems.terrible.Koffein;
				PRODUCT_NAME = "$(TARGET_NAME)";
				SWIFT_VERSION = 4.0;
				TARGETED_DEVICE_FAMILY = "1,2";
			};
			name = Debug;
		};
		37D162541F69715600D9787B /* Release */ = {
			isa = XCBuildConfiguration;
			buildSettings = {
				ASSETCATALOG_COMPILER_APPICON_NAME = AppIcon;
				DEVELOPMENT_TEAM = 2GC3DM3XAQ;
				INFOPLIST_FILE = Koffein/Info.plist;
				LD_RUNPATH_SEARCH_PATHS = "$(inherited) @executable_path/Frameworks";
				PRODUCT_BUNDLE_IDENTIFIER = systems.terrible.Koffein;
				PRODUCT_NAME = "$(TARGET_NAME)";
				SWIFT_VERSION = 4.0;
				TARGETED_DEVICE_FAMILY = "1,2";
			};
			name = Release;
		};
		37D162561F69715600D9787B /* Debug */ = {
			isa = XCBuildConfiguration;
			buildSettings = {
				ALWAYS_EMBED_SWIFT_STANDARD_LIBRARIES = YES;
				BUNDLE_LOADER = "$(TEST_HOST)";
				DEVELOPMENT_TEAM = 2GC3DM3XAQ;
				INFOPLIST_FILE = KoffeinTests/Info.plist;
				LD_RUNPATH_SEARCH_PATHS = "$(inherited) @executable_path/Frameworks @loader_path/Frameworks";
				PRODUCT_BUNDLE_IDENTIFIER = systems.terrible.KoffeinTests;
				PRODUCT_NAME = "$(TARGET_NAME)";
				SWIFT_VERSION = 4.0;
				TARGETED_DEVICE_FAMILY = "1,2";
				TEST_HOST = "$(BUILT_PRODUCTS_DIR)/Koffein.app/Koffein";
			};
			name = Debug;
		};
		37D162571F69715600D9787B /* Release */ = {
			isa = XCBuildConfiguration;
			buildSettings = {
				ALWAYS_EMBED_SWIFT_STANDARD_LIBRARIES = YES;
				BUNDLE_LOADER = "$(TEST_HOST)";
				DEVELOPMENT_TEAM = 2GC3DM3XAQ;
				INFOPLIST_FILE = KoffeinTests/Info.plist;
				LD_RUNPATH_SEARCH_PATHS = "$(inherited) @executable_path/Frameworks @loader_path/Frameworks";
				PRODUCT_BUNDLE_IDENTIFIER = systems.terrible.KoffeinTests;
				PRODUCT_NAME = "$(TARGET_NAME)";
				SWIFT_VERSION = 4.0;
				TARGETED_DEVICE_FAMILY = "1,2";
				TEST_HOST = "$(BUILT_PRODUCTS_DIR)/Koffein.app/Koffein";
			};
			name = Release;
		};
		37D162591F69715600D9787B /* Debug */ = {
			isa = XCBuildConfiguration;
			buildSettings = {
				ALWAYS_EMBED_SWIFT_STANDARD_LIBRARIES = YES;
				DEVELOPMENT_TEAM = 2GC3DM3XAQ;
				INFOPLIST_FILE = KoffeinUITests/Info.plist;
				LD_RUNPATH_SEARCH_PATHS = "$(inherited) @executable_path/Frameworks @loader_path/Frameworks";
				PRODUCT_BUNDLE_IDENTIFIER = systems.terrible.KoffeinUITests;
				PRODUCT_NAME = "$(TARGET_NAME)";
				SWIFT_VERSION = 4.0;
				TARGETED_DEVICE_FAMILY = "1,2";
				TEST_TARGET_NAME = Koffein;
			};
			name = Debug;
		};
		37D1625A1F69715600D9787B /* Release */ = {
			isa = XCBuildConfiguration;
			buildSettings = {
				ALWAYS_EMBED_SWIFT_STANDARD_LIBRARIES = YES;
				DEVELOPMENT_TEAM = 2GC3DM3XAQ;
				INFOPLIST_FILE = KoffeinUITests/Info.plist;
				LD_RUNPATH_SEARCH_PATHS = "$(inherited) @executable_path/Frameworks @loader_path/Frameworks";
				PRODUCT_BUNDLE_IDENTIFIER = systems.terrible.KoffeinUITests;
				PRODUCT_NAME = "$(TARGET_NAME)";
				SWIFT_VERSION = 4.0;
				TARGETED_DEVICE_FAMILY = "1,2";
				TEST_TARGET_NAME = Koffein;
			};
			name = Release;
		};
/* End XCBuildConfiguration section */

/* Begin XCConfigurationList section */
		37D162251F69715600D9787B /* Build configuration list for PBXProject "Koffein" */ = {
			isa = XCConfigurationList;
			buildConfigurations = (
				37D162501F69715600D9787B /* Debug */,
				37D162511F69715600D9787B /* Release */,
			);
			defaultConfigurationIsVisible = 0;
			defaultConfigurationName = Release;
		};
		37D162521F69715600D9787B /* Build configuration list for PBXNativeTarget "Koffein" */ = {
			isa = XCConfigurationList;
			buildConfigurations = (
				37D162531F69715600D9787B /* Debug */,
				37D162541F69715600D9787B /* Release */,
			);
			defaultConfigurationIsVisible = 0;
			defaultConfigurationName = Release;
		};
		37D162551F69715600D9787B /* Build configuration list for PBXNativeTarget "KoffeinTests" */ = {
			isa = XCConfigurationList;
			buildConfigurations = (
				37D162561F69715600D9787B /* Debug */,
				37D162571F69715600D9787B /* Release */,
			);
			defaultConfigurationIsVisible = 0;
			defaultConfigurationName = Release;
		};
		37D162581F69715600D9787B /* Build configuration list for PBXNativeTarget "KoffeinUITests" */ = {
			isa = XCConfigurationList;
			buildConfigurations = (
				37D162591F69715600D9787B /* Debug */,
				37D1625A1F69715600D9787B /* Release */,
			);
			defaultConfigurationIsVisible = 0;
			defaultConfigurationName = Release;
		};
/* End XCConfigurationList section */
	};
	rootObject = 37D162221F69715600D9787B /* Project object */;
}
